{
  "requires": true,
  "lockfileVersion": 1,
  "dependencies": {
    "nativescript-sqlite": {
      "version": "2.3.3",
      "resolved": "https://registry.npmjs.org/nativescript-sqlite/-/nativescript-sqlite-2.3.3.tgz",
      "integrity": "sha512-6+UfGexNOgsCmQYKMo0W83J+glN1GZJCHXrt3o6wYUC3St6EsutKDQZCJQem7MQ4lJ/BhjYz2rHsPy3iXyD8Og=="
    }
  }
}
